// !$*UTF8*$!
{
	archiveVersion = 1;
	classes = {
	};
	objectVersion = 50;
	objects = {

/* Begin PBXBuildFile section */
		A3B67EFC208B74A40017FA90 /* AppDelegate.swift in Sources */ = {isa = PBXBuildFile; fileRef = A3B67EFB208B74A40017FA90 /* AppDelegate.swift */; };
		A3B67EFE208B74A40017FA90 /* ViewController.swift in Sources */ = {isa = PBXBuildFile; fileRef = A3B67EFD208B74A40017FA90 /* ViewController.swift */; };
		A3B67F01208B74A40017FA90 /* Main.storyboard in Resources */ = {isa = PBXBuildFile; fileRef = A3B67EFF208B74A40017FA90 /* Main.storyboard */; };
		A3B67F03208B74A90017FA90 /* Assets.xcassets in Resources */ = {isa = PBXBuildFile; fileRef = A3B67F02208B74A90017FA90 /* Assets.xcassets */; };
		A3B67F06208B74A90017FA90 /* LaunchScreen.storyboard in Resources */ = {isa = PBXBuildFile; fileRef = A3B67F04208B74A90017FA90 /* LaunchScreen.storyboard */; };
		A3B67F11208B74AA0017FA90 /* MathBOOMTests.swift in Sources */ = {isa = PBXBuildFile; fileRef = A3B67F10208B74AA0017FA90 /* MathBOOMTests.swift */; };
		A3B67F1C208B74AA0017FA90 /* MathBOOMUITests.swift in Sources */ = {isa = PBXBuildFile; fileRef = A3B67F1B208B74AA0017FA90 /* MathBOOMUITests.swift */; };
/* End PBXBuildFile section */

/* Begin PBXContainerItemProxy section */
		A3B67F0D208B74AA0017FA90 /* PBXContainerItemProxy */ = {
			isa = PBXContainerItemProxy;
			containerPortal = A3B67EF0208B74A40017FA90 /* Project object */;
			proxyType = 1;
			remoteGlobalIDString = A3B67EF7208B74A40017FA90;
			remoteInfo = MathBOOM;
		};
		A3B67F18208B74AA0017FA90 /* PBXContainerItemProxy */ = {
			isa = PBXContainerItemProxy;
			containerPortal = A3B67EF0208B74A40017FA90 /* Project object */;
			proxyType = 1;
			remoteGlobalIDString = A3B67EF7208B74A40017FA90;
			remoteInfo = MathBOOM;
		};
/* End PBXContainerItemProxy section */

/* Begin PBXFileReference section */
		A3B67EF8208B74A40017FA90 /* MathBOOM.app */ = {isa = PBXFileReference; explicitFileType = wrapper.application; includeInIndex = 0; path = MathBOOM.app; sourceTree = BUILT_PRODUCTS_DIR; };
		A3B67EFB208B74A40017FA90 /* AppDelegate.swift */ = {isa = PBXFileReference; lastKnownFileType = sourcecode.swift; path = AppDelegate.swift; sourceTree = "<group>"; };
		A3B67EFD208B74A40017FA90 /* ViewController.swift */ = {isa = PBXFileReference; lastKnownFileType = sourcecode.swift; path = ViewController.swift; sourceTree = "<group>"; };
		A3B67F00208B74A40017FA90 /* Base */ = {isa = PBXFileReference; lastKnownFileType = file.storyboard; name = Base; path = Base.lproj/Main.storyboard; sourceTree = "<group>"; };
		A3B67F02208B74A90017FA90 /* Assets.xcassets */ = {isa = PBXFileReference; lastKnownFileType = folder.assetcatalog; path = Assets.xcassets; sourceTree = "<group>"; };
		A3B67F05208B74A90017FA90 /* Base */ = {isa = PBXFileReference; lastKnownFileType = file.storyboard; name = Base; path = Base.lproj/LaunchScreen.storyboard; sourceTree = "<group>"; };
		A3B67F07208B74A90017FA90 /* Info.plist */ = {isa = PBXFileReference; lastKnownFileType = text.plist.xml; path = Info.plist; sourceTree = "<group>"; };
		A3B67F0C208B74AA0017FA90 /* MathBOOMTests.xctest */ = {isa = PBXFileReference; explicitFileType = wrapper.cfbundle; includeInIndex = 0; path = MathBOOMTests.xctest; sourceTree = BUILT_PRODUCTS_DIR; };
		A3B67F10208B74AA0017FA90 /* MathBOOMTests.swift */ = {isa = PBXFileReference; lastKnownFileType = sourcecode.swift; path = MathBOOMTests.swift; sourceTree = "<group>"; };
		A3B67F12208B74AA0017FA90 /* Info.plist */ = {isa = PBXFileReference; lastKnownFileType = text.plist.xml; path = Info.plist; sourceTree = "<group>"; };
		A3B67F17208B74AA0017FA90 /* MathBOOMUITests.xctest */ = {isa = PBXFileReference; explicitFileType = wrapper.cfbundle; includeInIndex = 0; path = MathBOOMUITests.xctest; sourceTree = BUILT_PRODUCTS_DIR; };
		A3B67F1B208B74AA0017FA90 /* MathBOOMUITests.swift */ = {isa = PBXFileReference; lastKnownFileType = sourcecode.swift; path = MathBOOMUITests.swift; sourceTree = "<group>"; };
		A3B67F1D208B74AA0017FA90 /* Info.plist */ = {isa = PBXFileReference; lastKnownFileType = text.plist.xml; path = Info.plist; sourceTree = "<group>"; };
/* End PBXFileReference section */

/* Begin PBXFrameworksBuildPhase section */
		A3B67EF5208B74A40017FA90 /* Frameworks */ = {
			isa = PBXFrameworksBuildPhase;
			buildActionMask = 2147483647;
			files = (
			);
			runOnlyForDeploymentPostprocessing = 0;
		};
		A3B67F09208B74AA0017FA90 /* Frameworks */ = {
			isa = PBXFrameworksBuildPhase;
			buildActionMask = 2147483647;
			files = (
			);
			runOnlyForDeploymentPostprocessing = 0;
		};
		A3B67F14208B74AA0017FA90 /* Frameworks */ = {
			isa = PBXFrameworksBuildPhase;
			buildActionMask = 2147483647;
			files = (
			);
			runOnlyForDeploymentPostprocessing = 0;
		};
/* End PBXFrameworksBuildPhase section */

/* Begin PBXGroup section */
		A3B67EEF208B74A40017FA90 = {
			isa = PBXGroup;
			children = (
				A3B67EFA208B74A40017FA90 /* MathBOOM */,
				A3B67F0F208B74AA0017FA90 /* MathBOOMTests */,
				A3B67F1A208B74AA0017FA90 /* MathBOOMUITests */,
				A3B67EF9208B74A40017FA90 /* Products */,
			);
			sourceTree = "<group>";
		};
		A3B67EF9208B74A40017FA90 /* Products */ = {
			isa = PBXGroup;
			children = (
				A3B67EF8208B74A40017FA90 /* MathBOOM.app */,
				A3B67F0C208B74AA0017FA90 /* MathBOOMTests.xctest */,
				A3B67F17208B74AA0017FA90 /* MathBOOMUITests.xctest */,
			);
			name = Products;
			sourceTree = "<group>";
		};
		A3B67EFA208B74A40017FA90 /* MathBOOM */ = {
			isa = PBXGroup;
			children = (
				A3B67EFB208B74A40017FA90 /* AppDelegate.swift */,
				A3B67EFD208B74A40017FA90 /* ViewController.swift */,
				A3B67EFF208B74A40017FA90 /* Main.storyboard */,
				A3B67F02208B74A90017FA90 /* Assets.xcassets */,
				A3B67F04208B74A90017FA90 /* LaunchScreen.storyboard */,
				A3B67F07208B74A90017FA90 /* Info.plist */,
			);
			path = MathBOOM;
			sourceTree = "<group>";
		};
		A3B67F0F208B74AA0017FA90 /* MathBOOMTests */ = {
			isa = PBXGroup;
			children = (
				A3B67F10208B74AA0017FA90 /* MathBOOMTests.swift */,
				A3B67F12208B74AA0017FA90 /* Info.plist */,
			);
			path = MathBOOMTests;
			sourceTree = "<group>";
		};
		A3B67F1A208B74AA0017FA90 /* MathBOOMUITests */ = {
			isa = PBXGroup;
			children = (
				A3B67F1B208B74AA0017FA90 /* MathBOOMUITests.swift */,
				A3B67F1D208B74AA0017FA90 /* Info.plist */,
			);
			path = MathBOOMUITests;
			sourceTree = "<group>";
		};
/* End PBXGroup section */

/* Begin PBXNativeTarget section */
		A3B67EF7208B74A40017FA90 /* MathBOOM */ = {
			isa = PBXNativeTarget;
			buildConfigurationList = A3B67F20208B74AA0017FA90 /* Build configuration list for PBXNativeTarget "MathBOOM" */;
			buildPhases = (
				A3B67EF4208B74A40017FA90 /* Sources */,
				A3B67EF5208B74A40017FA90 /* Frameworks */,
				A3B67EF6208B74A40017FA90 /* Resources */,
			);
			buildRules = (
			);
			dependencies = (
			);
			name = MathBOOM;
			productName = MathBOOM;
			productReference = A3B67EF8208B74A40017FA90 /* MathBOOM.app */;
			productType = "com.apple.product-type.application";
		};
		A3B67F0B208B74AA0017FA90 /* MathBOOMTests */ = {
			isa = PBXNativeTarget;
			buildConfigurationList = A3B67F23208B74AA0017FA90 /* Build configuration list for PBXNativeTarget "MathBOOMTests" */;
			buildPhases = (
				A3B67F08208B74AA0017FA90 /* Sources */,
				A3B67F09208B74AA0017FA90 /* Frameworks */,
				A3B67F0A208B74AA0017FA90 /* Resources */,
			);
			buildRules = (
			);
			dependencies = (
				A3B67F0E208B74AA0017FA90 /* PBXTargetDependency */,
			);
			name = MathBOOMTests;
			productName = MathBOOMTests;
			productReference = A3B67F0C208B74AA0017FA90 /* MathBOOMTests.xctest */;
			productType = "com.apple.product-type.bundle.unit-test";
		};
		A3B67F16208B74AA0017FA90 /* MathBOOMUITests */ = {
			isa = PBXNativeTarget;
			buildConfigurationList = A3B67F26208B74AA0017FA90 /* Build configuration list for PBXNativeTarget "MathBOOMUITests" */;
			buildPhases = (
				A3B67F13208B74AA0017FA90 /* Sources */,
				A3B67F14208B74AA0017FA90 /* Frameworks */,
				A3B67F15208B74AA0017FA90 /* Resources */,
			);
			buildRules = (
			);
			dependencies = (
				A3B67F19208B74AA0017FA90 /* PBXTargetDependency */,
			);
			name = MathBOOMUITests;
			productName = MathBOOMUITests;
			productReference = A3B67F17208B74AA0017FA90 /* MathBOOMUITests.xctest */;
			productType = "com.apple.product-type.bundle.ui-testing";
		};
/* End PBXNativeTarget section */

/* Begin PBXProject section */
		A3B67EF0208B74A40017FA90 /* Project object */ = {
			isa = PBXProject;
			attributes = {
				LastSwiftUpdateCheck = 0930;
				LastUpgradeCheck = 0930;
				ORGANIZATIONNAME = "Tema Sysoev";
				TargetAttributes = {
					A3B67EF7208B74A40017FA90 = {
						CreatedOnToolsVersion = 9.3;
					};
					A3B67F0B208B74AA0017FA90 = {
						CreatedOnToolsVersion = 9.3;
						TestTargetID = A3B67EF7208B74A40017FA90;
					};
					A3B67F16208B74AA0017FA90 = {
						CreatedOnToolsVersion = 9.3;
						TestTargetID = A3B67EF7208B74A40017FA90;
					};
				};
			};
			buildConfigurationList = A3B67EF3208B74A40017FA90 /* Build configuration list for PBXProject "MathBOOM" */;
			compatibilityVersion = "Xcode 9.3";
			developmentRegion = en;
			hasScannedForEncodings = 0;
			knownRegions = (
				en,
				Base,
			);
			mainGroup = A3B67EEF208B74A40017FA90;
			productRefGroup = A3B67EF9208B74A40017FA90 /* Products */;
			projectDirPath = "";
			projectRoot = "";
			targets = (
				A3B67EF7208B74A40017FA90 /* MathBOOM */,
				A3B67F0B208B74AA0017FA90 /* MathBOOMTests */,
				A3B67F16208B74AA0017FA90 /* MathBOOMUITests */,
			);
		};
/* End PBXProject section */

/* Begin PBXResourcesBuildPhase section */
		A3B67EF6208B74A40017FA90 /* Resources */ = {
			isa = PBXResourcesBuildPhase;
			buildActionMask = 2147483647;
			files = (
				A3B67F06208B74A90017FA90 /* LaunchScreen.storyboard in Resources */,
				A3B67F03208B74A90017FA90 /* Assets.xcassets in Resources */,
				A3B67F01208B74A40017FA90 /* Main.storyboard in Resources */,
			);
			runOnlyForDeploymentPostprocessing = 0;
		};
		A3B67F0A208B74AA0017FA90 /* Resources */ = {
			isa = PBXResourcesBuildPhase;
			buildActionMask = 2147483647;
			files = (
			);
			runOnlyForDeploymentPostprocessing = 0;
		};
		A3B67F15208B74AA0017FA90 /* Resources */ = {
			isa = PBXResourcesBuildPhase;
			buildActionMask = 2147483647;
			files = (
			);
			runOnlyForDeploymentPostprocessing = 0;
		};
/* End PBXResourcesBuildPhase section */

/* Begin PBXSourcesBuildPhase section */
		A3B67EF4208B74A40017FA90 /* Sources */ = {
			isa = PBXSourcesBuildPhase;
			buildActionMask = 2147483647;
			files = (
				A3B67EFE208B74A40017FA90 /* ViewController.swift in Sources */,
				A3B67EFC208B74A40017FA90 /* AppDelegate.swift in Sources */,
			);
			runOnlyForDeploymentPostprocessing = 0;
		};
		A3B67F08208B74AA0017FA90 /* Sources */ = {
			isa = PBXSourcesBuildPhase;
			buildActionMask = 2147483647;
			files = (
				A3B67F11208B74AA0017FA90 /* MathBOOMTests.swift in Sources */,
			);
			runOnlyForDeploymentPostprocessing = 0;
		};
		A3B67F13208B74AA0017FA90 /* Sources */ = {
			isa = PBXSourcesBuildPhase;
			buildActionMask = 2147483647;
			files = (
				A3B67F1C208B74AA0017FA90 /* MathBOOMUITests.swift in Sources */,
			);
			runOnlyForDeploymentPostprocessing = 0;
		};
/* End PBXSourcesBuildPhase section */

/* Begin PBXTargetDependency section */
		A3B67F0E208B74AA0017FA90 /* PBXTargetDependency */ = {
			isa = PBXTargetDependency;
			target = A3B67EF7208B74A40017FA90 /* MathBOOM */;
			targetProxy = A3B67F0D208B74AA0017FA90 /* PBXContainerItemProxy */;
		};
		A3B67F19208B74AA0017FA90 /* PBXTargetDependency */ = {
			isa = PBXTargetDependency;
			target = A3B67EF7208B74A40017FA90 /* MathBOOM */;
			targetProxy = A3B67F18208B74AA0017FA90 /* PBXContainerItemProxy */;
		};
/* End PBXTargetDependency section */

/* Begin PBXVariantGroup section */
		A3B67EFF208B74A40017FA90 /* Main.storyboard */ = {
			isa = PBXVariantGroup;
			children = (
				A3B67F00208B74A40017FA90 /* Base */,
			);
			name = Main.storyboard;
			sourceTree = "<group>";
		};
		A3B67F04208B74A90017FA90 /* LaunchScreen.storyboard */ = {
			isa = PBXVariantGroup;
			children = (
				A3B67F05208B74A90017FA90 /* Base */,
			);
			name = LaunchScreen.storyboard;
			sourceTree = "<group>";
		};
/* End PBXVariantGroup section */

/* Begin XCBuildConfiguration section */
		A3B67F1E208B74AA0017FA90 /* Debug */ = {
			isa = XCBuildConfiguration;
			buildSettings = {
				ALWAYS_SEARCH_USER_PATHS = NO;
				CLANG_ANALYZER_NONNULL = YES;
				CLANG_ANALYZER_NUMBER_OBJECT_CONVERSION = YES_AGGRESSIVE;
				CLANG_CXX_LANGUAGE_STANDARD = "gnu++14";
				CLANG_CXX_LIBRARY = "libc++";
				CLANG_ENABLE_MODULES = YES;
				CLANG_ENABLE_OBJC_ARC = YES;
				CLANG_ENABLE_OBJC_WEAK = YES;
				CLANG_WARN_BLOCK_CAPTURE_AUTORELEASING = YES;
				CLANG_WARN_BOOL_CONVERSION = YES;
				CLANG_WARN_COMMA = YES;
				CLANG_WARN_CONSTANT_CONVERSION = YES;
				CLANG_WARN_DEPRECATED_OBJC_IMPLEMENTATIONS = YES;
				CLANG_WARN_DIRECT_OBJC_ISA_USAGE = YES_ERROR;
				CLANG_WARN_DOCUMENTATION_COMMENTS = YES;
				CLANG_WARN_EMPTY_BODY = YES;
				CLANG_WARN_ENUM_CONVERSION = YES;
				CLANG_WARN_INFINITE_RECURSION = YES;
				CLANG_WARN_INT_CONVERSION = YES;
				CLANG_WARN_NON_LITERAL_NULL_CONVERSION = YES;
				CLANG_WARN_OBJC_IMPLICIT_RETAIN_SELF = YES;
				CLANG_WARN_OBJC_LITERAL_CONVERSION = YES;
				CLANG_WARN_OBJC_ROOT_CLASS = YES_ERROR;
				CLANG_WARN_RANGE_LOOP_ANALYSIS = YES;
				CLANG_WARN_STRICT_PROTOTYPES = YES;
				CLANG_WARN_SUSPICIOUS_MOVE = YES;
				CLANG_WARN_UNGUARDED_AVAILABILITY = YES_AGGRESSIVE;
				CLANG_WARN_UNREACHABLE_CODE = YES;
				CLANG_WARN__DUPLICATE_METHOD_MATCH = YES;
				CODE_SIGN_IDENTITY = "iPhone Developer";
				COPY_PHASE_STRIP = NO;
				DEBUG_INFORMATION_FORMAT = dwarf;
				ENABLE_STRICT_OBJC_MSGSEND = YES;
				ENABLE_TESTABILITY = YES;
				GCC_C_LANGUAGE_STANDARD = gnu11;
				GCC_DYNAMIC_NO_PIC = NO;
				GCC_NO_COMMON_BLOCKS = YES;
				GCC_OPTIMIZATION_LEVEL = 0;
				GCC_PREPROCESSOR_DEFINITIONS = (
					"DEBUG=1",
					"$(inherited)",
				);
				GCC_WARN_64_TO_32_BIT_CONVERSION = YES;
				GCC_WARN_ABOUT_RETURN_TYPE = YES_ERROR;
				GCC_WARN_UNDECLARED_SELECTOR = YES;
				GCC_WARN_UNINITIALIZED_AUTOS = YES_AGGRESSIVE;
				GCC_WARN_UNUSED_FUNCTION = YES;
				GCC_WARN_UNUSED_VARIABLE = YES;
				IPHONEOS_DEPLOYMENT_TARGET = 11.3;
				MTL_ENABLE_DEBUG_INFO = YES;
				ONLY_ACTIVE_ARCH = YES;
				SDKROOT = iphoneos;
				SWIFT_ACTIVE_COMPILATION_CONDITIONS = DEBUG;
				SWIFT_OPTIMIZATION_LEVEL = "-Onone";
			};
			name = Debug;
		};
		A3B67F1F208B74AA0017FA90 /* Release */ = {
			isa = XCBuildConfiguration;
			buildSettings = {
				ALWAYS_SEARCH_USER_PATHS = NO;
				CLANG_ANALYZER_NONNULL = YES;
				CLANG_ANALYZER_NUMBER_OBJECT_CONVERSION = YES_AGGRESSIVE;
				CLANG_CXX_LANGUAGE_STANDARD = "gnu++14";
				CLANG_CXX_LIBRARY = "libc++";
				CLANG_ENABLE_MODULES = YES;
				CLANG_ENABLE_OBJC_ARC = YES;
				CLANG_ENABLE_OBJC_WEAK = YES;
				CLANG_WARN_BLOCK_CAPTURE_AUTORELEASING = YES;
				CLANG_WARN_BOOL_CONVERSION = YES;
				CLANG_WARN_COMMA = YES;
				CLANG_WARN_CONSTANT_CONVERSION = YES;
				CLANG_WARN_DEPRECATED_OBJC_IMPLEMENTATIONS = YES;
				CLANG_WARN_DIRECT_OBJC_ISA_USAGE = YES_ERROR;
				CLANG_WARN_DOCUMENTATION_COMMENTS = YES;
				CLANG_WARN_EMPTY_BODY = YES;
				CLANG_WARN_ENUM_CONVERSION = YES;
				CLANG_WARN_INFINITE_RECURSION = YES;
				CLANG_WARN_INT_CONVERSION = YES;
				CLANG_WARN_NON_LITERAL_NULL_CONVERSION = YES;
				CLANG_WARN_OBJC_IMPLICIT_RETAIN_SELF = YES;
				CLANG_WARN_OBJC_LITERAL_CONVERSION = YES;
				CLANG_WARN_OBJC_ROOT_CLASS = YES_ERROR;
				CLANG_WARN_RANGE_LOOP_ANALYSIS = YES;
				CLANG_WARN_STRICT_PROTOTYPES = YES;
				CLANG_WARN_SUSPICIOUS_MOVE = YES;
				CLANG_WARN_UNGUARDED_AVAILABILITY = YES_AGGRESSIVE;
				CLANG_WARN_UNREACHABLE_CODE = YES;
				CLANG_WARN__DUPLICATE_METHOD_MATCH = YES;
				CODE_SIGN_IDENTITY = "iPhone Developer";
				COPY_PHASE_STRIP = NO;
				DEBUG_INFORMATION_FORMAT = "dwarf-with-dsym";
				ENABLE_NS_ASSERTIONS = NO;
				ENABLE_STRICT_OBJC_MSGSEND = YES;
				GCC_C_LANGUAGE_STANDARD = gnu11;
				GCC_NO_COMMON_BLOCKS = YES;
				GCC_WARN_64_TO_32_BIT_CONVERSION = YES;
				GCC_WARN_ABOUT_RETURN_TYPE = YES_ERROR;
				GCC_WARN_UNDECLARED_SELECTOR = YES;
				GCC_WARN_UNINITIALIZED_AUTOS = YES_AGGRESSIVE;
				GCC_WARN_UNUSED_FUNCTION = YES;
				GCC_WARN_UNUSED_VARIABLE = YES;
				IPHONEOS_DEPLOYMENT_TARGET = 11.3;
				MTL_ENABLE_DEBUG_INFO = NO;
				SDKROOT = iphoneos;
				SWIFT_COMPILATION_MODE = wholemodule;
				SWIFT_OPTIMIZATION_LEVEL = "-O";
				VALIDATE_PRODUCT = YES;
			};
			name = Release;
		};
		A3B67F21208B74AA0017FA90 /* Debug */ = {
			isa = XCBuildConfiguration;
			buildSettings = {
				ASSETCATALOG_COMPILER_APPICON_NAME = AppIcon;
				CODE_SIGN_STYLE = Automatic;
				DEVELOPMENT_TEAM = K52EJNPD2V;
				INFOPLIST_FILE = MathBOOM/Info.plist;
				LD_RUNPATH_SEARCH_PATHS = (
					"$(inherited)",
					"@executable_path/Frameworks",
				);
				PRODUCT_BUNDLE_IDENTIFIER = "t-software.MathBOOM";
				PRODUCT_NAME = "$(TARGET_NAME)";
				SWIFT_VERSION = 4.0;
				TARGETED_DEVICE_FAMILY = "1,2";
			};
			name = Debug;
		};
		A3B67F22208B74AA0017FA90 /* Release */ = {
			isa = XCBuildConfiguration;
			buildSettings = {
				ASSETCATALOG_COMPILER_APPICON_NAME = AppIcon;
				CODE_SIGN_STYLE = Automatic;
				DEVELOPMENT_TEAM = K52EJNPD2V;
				INFOPLIST_FILE = MathBOOM/Info.plist;
				LD_RUNPATH_SEARCH_PATHS = (
					"$(inherited)",
					"@executable_path/Frameworks",
				);
				PRODUCT_BUNDLE_IDENTIFIER = "t-software.MathBOOM";
				PRODUCT_NAME = "$(TARGET_NAME)";
				SWIFT_VERSION = 4.0;
				TARGETED_DEVICE_FAMILY = "1,2";
			};
			name = Release;
		};
		A3B67F24208B74AA0017FA90 /* Debug */ = {
			isa = XCBuildConfiguration;
			buildSettings = {
				ALWAYS_EMBED_SWIFT_STANDARD_LIBRARIES = YES;
				BUNDLE_LOADER = "$(TEST_HOST)";
				CODE_SIGN_STYLE = Automatic;
				DEVELOPMENT_TEAM = K52EJNPD2V;
				INFOPLIST_FILE = MathBOOMTests/Info.plist;
				LD_RUNPATH_SEARCH_PATHS = (
					"$(inherited)",
					"@executable_path/Frameworks",
					"@loader_path/Frameworks",
				);
				PRODUCT_BUNDLE_IDENTIFIER = "t-software.MathBOOMTests";
				PRODUCT_NAME = "$(TARGET_NAME)";
				SWIFT_VERSION = 4.0;
				TARGETED_DEVICE_FAMILY = "1,2";
				TEST_HOST = "$(BUILT_PRODUCTS_DIR)/MathBOOM.app/MathBOOM";
			};
			name = Debug;
		};
		A3B67F25208B74AA0017FA90 /* Release */ = {
			isa = XCBuildConfiguration;
			buildSettings = {
				ALWAYS_EMBED_SWIFT_STANDARD_LIBRARIES = YES;
				BUNDLE_LOADER = "$(TEST_HOST)";
				CODE_SIGN_STYLE = Automatic;
				DEVELOPMENT_TEAM = K52EJNPD2V;
				INFOPLIST_FILE = MathBOOMTests/Info.plist;
				LD_RUNPATH_SEARCH_PATHS = (
					"$(inherited)",
					"@executable_path/Frameworks",
					"@loader_path/Frameworks",
				);
				PRODUCT_BUNDLE_IDENTIFIER = "t-software.MathBOOMTests";
				PRODUCT_NAME = "$(TARGET_NAME)";
				SWIFT_VERSION = 4.0;
				TARGETED_DEVICE_FAMILY = "1,2";
				TEST_HOST = "$(BUILT_PRODUCTS_DIR)/MathBOOM.app/MathBOOM";
			};
			name = Release;
		};
		A3B67F27208B74AA0017FA90 /* Debug */ = {
			isa = XCBuildConfiguration;
			buildSettings = {
				ALWAYS_EMBED_SWIFT_STANDARD_LIBRARIES = YES;
				CODE_SIGN_STYLE = Automatic;
				DEVELOPMENT_TEAM = K52EJNPD2V;
				INFOPLIST_FILE = MathBOOMUITests/Info.plist;
				LD_RUNPATH_SEARCH_PATHS = (
					"$(inherited)",
					"@executable_path/Frameworks",
					"@loader_path/Frameworks",
				);
				PRODUCT_BUNDLE_IDENTIFIER = "t-software.MathBOOMUITests";
				PRODUCT_NAME = "$(TARGET_NAME)";
				SWIFT_VERSION = 4.0;
				TARGETED_DEVICE_FAMILY = "1,2";
				TEST_TARGET_NAME = MathBOOM;
			};
			name = Debug;
		};
		A3B67F28208B74AA0017FA90 /* Release */ = {
			isa = XCBuildConfiguration;
			buildSettings = {
				ALWAYS_EMBED_SWIFT_STANDARD_LIBRARIES = YES;
				CODE_SIGN_STYLE = Automatic;
				DEVELOPMENT_TEAM = K52EJNPD2V;
				INFOPLIST_FILE = MathBOOMUITests/Info.plist;
				LD_RUNPATH_SEARCH_PATHS = (
					"$(inherited)",
					"@executable_path/Frameworks",
					"@loader_path/Frameworks",
				);
				PRODUCT_BUNDLE_IDENTIFIER = "t-software.MathBOOMUITests";
				PRODUCT_NAME = "$(TARGET_NAME)";
				SWIFT_VERSION = 4.0;
				TARGETED_DEVICE_FAMILY = "1,2";
				TEST_TARGET_NAME = MathBOOM;
			};
			name = Release;
		};
/* End XCBuildConfiguration section */

/* Begin XCConfigurationList section */
		A3B67EF3208B74A40017FA90 /* Build configuration list for PBXProject "MathBOOM" */ = {
			isa = XCConfigurationList;
			buildConfigurations = (
				A3B67F1E208B74AA0017FA90 /* Debug */,
				A3B67F1F208B74AA0017FA90 /* Release */,
			);
			defaultConfigurationIsVisible = 0;
			defaultConfigurationName = Release;
		};
		A3B67F20208B74AA0017FA90 /* Build configuration list for PBXNativeTarget "MathBOOM" */ = {
			isa = XCConfigurationList;
			buildConfigurations = (
				A3B67F21208B74AA0017FA90 /* Debug */,
				A3B67F22208B74AA0017FA90 /* Release */,
			);
			defaultConfigurationIsVisible = 0;
			defaultConfigurationName = Release;
		};
		A3B67F23208B74AA0017FA90 /* Build configuration list for PBXNativeTarget "MathBOOMTests" */ = {
			isa = XCConfigurationList;
			buildConfigurations = (
				A3B67F24208B74AA0017FA90 /* Debug */,
				A3B67F25208B74AA0017FA90 /* Release */,
			);
			defaultConfigurationIsVisible = 0;
			defaultConfigurationName = Release;
		};
		A3B67F26208B74AA0017FA90 /* Build configuration list for PBXNativeTarget "MathBOOMUITests" */ = {
			isa = XCConfigurationList;
			buildConfigurations = (
				A3B67F27208B74AA0017FA90 /* Debug */,
				A3B67F28208B74AA0017FA90 /* Release */,
			);
			defaultConfigurationIsVisible = 0;
			defaultConfigurationName = Release;
		};
/* End XCConfigurationList section */
	};
	rootObject = A3B67EF0208B74A40017FA90 /* Project object */;
}
